
Microsoft Visual Studio Solution File, Format Version 12.00
# Visual Studio Version 17
VisualStudioVersion = 17.8.34330.188
MinimumVisualStudioVersion = 10.0.40219.1
Project("{FAE04EC0-301F-11D3-BF4B-00C04F79EFBC}") = "EventPortal.BLL", "EventPortal.BLL\EventPortal.BLL.csproj", "{8A62C62F-1677-4439-853D-3CB20C4C2DC8}"
	ProjectSection(ProjectDependencies) = postProject
		{3A566CAC-004E-4FA0-BDC3-527CF3266D4B} = {3A566CAC-004E-4FA0-BDC3-527CF3266D4B}
	EndProjectSection
EndProject
Project("{FAE04EC0-301F-11D3-BF4B-00C04F79EFBC}") = "EventPortal.DAL", "EventPortal.DAL\EventPortal.DAL.csproj", "{3A566CAC-004E-4FA0-BDC3-527CF3266D4B}"
EndProject
Project("{FAE04EC0-301F-11D3-BF4B-00C04F79EFBC}") = "EventPortal.UI", "EventPortal.UI\EventPortal.UI.csproj", "{2C5EF07F-4F12-4A44-B141-851410599D3C}"
	ProjectSection(ProjectDependencies) = postProject
		{3A566CAC-004E-4FA0-BDC3-527CF3266D4B} = {3A566CAC-004E-4FA0-BDC3-527CF3266D4B}
		{8A62C62F-1677-4439-853D-3CB20C4C2DC8} = {8A62C62F-1677-4439-853D-3CB20C4C2DC8}
	EndProjectSection
EndProject
Global
	GlobalSection(SolutionConfigurationPlatforms) = preSolution
		Debug|Any CPU = Debug|Any CPU
		Release|Any CPU = Release|Any CPU
	EndGlobalSection
	GlobalSection(ProjectConfigurationPlatforms) = postSolution
		{8A62C62F-1677-4439-853D-3CB20C4C2DC8}.Debug|Any CPU.ActiveCfg = Debug|Any CPU
		{8A62C62F-1677-4439-853D-3CB20C4C2DC8}.Debug|Any CPU.Build.0 = Debug|Any CPU
		{8A62C62F-1677-4439-853D-3CB20C4C2DC8}.Release|Any CPU.ActiveCfg = Release|Any CPU
		{8A62C62F-1677-4439-853D-3CB20C4C2DC8}.Release|Any CPU.Build.0 = Release|Any CPU
		{3A566CAC-004E-4FA0-BDC3-527CF3266D4B}.Debug|Any CPU.ActiveCfg = Debug|Any CPU
		{3A566CAC-004E-4FA0-BDC3-527CF3266D4B}.Debug|Any CPU.Build.0 = Debug|Any CPU
		{3A566CAC-004E-4FA0-BDC3-527CF3266D4B}.Release|Any CPU.ActiveCfg = Release|Any CPU
		{3A566CAC-004E-4FA0-BDC3-527CF3266D4B}.Release|Any CPU.Build.0 = Release|Any CPU
		{2C5EF07F-4F12-4A44-B141-851410599D3C}.Debug|Any CPU.ActiveCfg = Debug|Any CPU
		{2C5EF07F-4F12-4A44-B141-851410599D3C}.Debug|Any CPU.Build.0 = Debug|Any CPU
		{2C5EF07F-4F12-4A44-B141-851410599D3C}.Release|Any CPU.ActiveCfg = Release|Any CPU
		{2C5EF07F-4F12-4A44-B141-851410599D3C}.Release|Any CPU.Build.0 = Release|Any CPU
	EndGlobalSection
	GlobalSection(SolutionProperties) = preSolution
		HideSolutionNode = FALSE
	EndGlobalSection
	GlobalSection(ExtensibilityGlobals) = postSolution
		SolutionGuid = {FA1B4706-554E-461B-99A2-C6B457A81F8F}
	EndGlobalSection
EndGlobal
